
Microsoft Visual Studio Solution File, Format Version 12.00
# Visual Studio Version 17
VisualStudioVersion = 17.7.34009.444
MinimumVisualStudioVersion = 10.0.40219.1
Project("{FAE04EC0-301F-11D3-BF4B-00C04F79EFBC}") = "MVC", "MVC\MVC.csproj", "{BF74ACC9-FB1D-4AD7-81B6-F1DEF859649B}"
EndProject
Global
	GlobalSection(SolutionConfigurationPlatforms) = preSolution
		Debug|Any CPU = Debug|Any CPU
		Release|Any CPU = Release|Any CPU
	EndGlobalSection
	GlobalSection(ProjectConfigurationPlatforms) = postSolution
		{BF74ACC9-FB1D-4AD7-81B6-F1DEF859649B}.Debug|Any CPU.ActiveCfg = Debug|Any CPU
		{BF74ACC9-FB1D-4AD7-81B6-F1DEF859649B}.Debug|Any CPU.Build.0 = Debug|Any CPU
		{BF74ACC9-FB1D-4AD7-81B6-F1DEF859649B}.Release|Any CPU.ActiveCfg = Release|Any CPU
		{BF74ACC9-FB1D-4AD7-81B6-F1DEF859649B}.Release|Any CPU.Build.0 = Release|Any CPU
	EndGlobalSection
	GlobalSection(SolutionProperties) = preSolution
		HideSolutionNode = FALSE
	EndGlobalSection
	GlobalSection(ExtensibilityGlobals) = postSolution
		SolutionGuid = {9FFF702F-04DC-47D2-BE4E-99FEA0855E18}
	EndGlobalSection
EndGlobal
